const express = require('express');
const path = require('path');
const cors = require('cors');
const bodyParser = require('body-parser');

const app = express();
const PORT = process.env.PORT || 8080;

// 中间件
app.use(cors());
app.use(bodyParser.json());
app.use(express.static(path.join(__dirname, './public')));

// 模拟数据存储（内存数据库）
let orders = [];
let menu = [
    { _id: '1', name: "爱心煎蛋", emoji: "🍳", price: 10, category: "breakfast", isApproved: true },
    { _id: '2', name: "浪漫意面", emoji: "🍝", price: 25, category: "lunch", isApproved: true },
    { _id: '3', name: "甜蜜三明治", emoji: "🥪", price: 15, category: "breakfast", isApproved: true }
];
let wallet = { balance: 100 };
let messages = [];

// 添加日志中间件
app.use((req, res, next) => {
    console.log(`${new Date().toISOString()} ${req.method} ${req.url}`);
    next();
});

// --- API 接口 ---
app.get('/api/health', (req, res) => {
    res.json({ status: 'ok', message: '情侣厨房服务器运行正常' });
});

// 钱包接口
app.get('/api/wallet', async (req, res) => {
    res.json(wallet);
});

app.post('/api/wallet/recharge', async (req, res) => {
    const { amount } = req.body;
    if (amount && amount > 0) {
        wallet.balance += parseFloat(amount);
        res.json({ success: true });
    } else {
        res.status(400).json({ success: false, message: "无效的金额" });
    }
});

// 菜单接口
app.get('/api/menu', async (req, res) => {
    res.json(menu);
});

app.post('/api/menu', async (req, res) => {
    const newDish = {
        _id: Date.now().toString(),
        ...req.body,
        createdAt: new Date()
    };
    menu.push(newDish);
    res.json(newDish);
});

app.put('/api/menu/:id', async (req, res) => {
    const id = req.params.id;
    const index = menu.findIndex(d => d._id === id);
    if (index !== -1) {
        menu[index] = { ...menu[index], ...req.body };
        res.json(menu[index]);
    } else {
        res.status(404).json({ success: false, message: "菜品未找到" });
    }
});

app.delete('/api/menu/:id', async (req, res) => {
    const id = req.params.id;
    const index = menu.findIndex(d => d._id === id);
    if (index !== -1) {
        const deleted = menu.splice(index, 1)[0];
        res.json(deleted);
    } else {
        res.status(404).json({ success: false, message: "菜品未找到" });
    }
});

// 订单验证中间件
const validateOrder = (req, res, next) => {
    const { items } = req.body;
    if (!items || !Array.isArray(items) || items.length === 0) {
        return res.status(400).json({ 
            success: false, 
            message: "订单不能为空" 
        });
    }
    next();
};

// 订单接口
app.post('/api/order', validateOrder, async (req, res) => {
    try {
        const { items } = req.body;
        
        // 更安全的数值计算
        const total = items.reduce((sum, i) => {
            const price = parseFloat(i.price) || 0;
            const quantity = parseInt(i.quantity) || 0;
            return sum + (price * quantity);
        }, 0);
        
        // 验证总金额
        if (total <= 0) {
            return res.status(400).json({ 
                success: false, 
                message: "订单金额无效" 
            });
        }
        
        // 更友好的余额不足提示
        if (wallet.balance < total) {
            return res.status(400).json({ 
                success: false, 
                message: `余额不足，当前余额: ￥${wallet.balance.toFixed(2)}，需要: ￥${total.toFixed(2)}` 
            });
        }
        
        // 扣款
        wallet.balance = parseFloat((wallet.balance - total).toFixed(2));
        
        // 创建订单
        const order = {
            _id: Date.now().toString(),
            items,
            totalPrice: total,
            status: 'waiting',
            rating: 0,
            createdAt: new Date()
        };
        
        orders.push(order);
        res.json({ success: true, order });
    } catch (error) {
        console.error('下单失败:', error);
        res.status(500).json({ 
            success: false, 
            message: "下单失败，请稍后重试" 
        });
    }
});

app.get('/api/orders', async (req, res) => {
    // 按创建时间倒序排列
    const sortedOrders = [...orders].sort((a, b) => new Date(b.createdAt) - new Date(a.createdAt));
    res.json(sortedOrders);
});

app.put('/api/order/:id', async (req, res) => {
    const id = req.params.id;
    const index = orders.findIndex(o => o._id === id);
    if (index !== -1 && req.body.status) {
        orders[index].status = req.body.status;
        res.json(orders[index]);
    } else {
        res.status(404).json({ success: false, message: "订单未找到" });
    }
});

app.put('/api/order/:id/rate', async (req, res) => {
    const id = req.params.id;
    const { rating } = req.body;
    const index = orders.findIndex(o => o._id === id);
    
    if (index !== -1 && rating >= 1 && rating <= 5) {
        orders[index].rating = rating;
        res.json(orders[index]);
    } else {
        res.status(400).json({ success: false, message: "无效的评分" });
    }
});

// 消息接口
app.get('/api/messages', async (req, res) => {
    // 限制返回50条消息，按时间正序排列
    const sortedMessages = [...messages]
        .sort((a, b) => new Date(a.createdAt) - new Date(b.createdAt))
        .slice(-50);
    res.json(sortedMessages);
});

app.post('/api/messages', async (req, res) => {
    const { sender, content } = req.body;
    if (!sender || !content) {
        return res.status(400).json({ 
            success: false, 
            message: "发送者和内容不能为空" 
        });
    }
    
    const message = {
        _id: Date.now().toString(),
        sender,
        content,
        createdAt: new Date()
    };
    
    messages.push(message);
    res.json(message);
});

// 页面路由
app.get('/chef', (req, res) => {
    res.sendFile(path.join(__dirname, './public/chef.html'));
});

app.get('*', (req, res) => {
    res.sendFile(path.join(__dirname, './public/index.html'));
});

// 错误处理中间件（放在最后）
app.use((err, req, res, next) => {
    console.error('服务器错误:', err);
    res.status(500).json({ success: false, message: '服务器内部错误' });
});

app.listen(PORT, () => {
    console.log(`🚀 情侣厨房服务器运行中: ${PORT}`);
    console.log(`📱 访问地址：http://localhost:${PORT}`);
    console.log(`👨‍🍳 大厨面板：http://localhost:${PORT}/chef`);
});
